// !$*UTF8*$!
{
	archiveVersion = 1;
	classes = {
	};
	objectVersion = 56;
	objects = {

/* Begin PBXBuildFile section */
		7F7B1C232995123700C5D4E0 /* AppDelegate.swift in Sources */ = {isa = PBXBuildFile; fileRef = 7F7B1C222995123700C5D4E0 /* AppDelegate.swift */; };
		7F7B1C252995123700C5D4E0 /* SceneDelegate.swift in Sources */ = {isa = PBXBuildFile; fileRef = 7F7B1C242995123700C5D4E0 /* SceneDelegate.swift */; };
		7F7B1C2C2995123800C5D4E0 /* Assets.xcassets in Resources */ = {isa = PBXBuildFile; fileRef = 7F7B1C2B2995123800C5D4E0 /* Assets.xcassets */; };
		7F7B1C2F2995123800C5D4E0 /* LaunchScreen.storyboard in Resources */ = {isa = PBXBuildFile; fileRef = 7F7B1C2D2995123800C5D4E0 /* LaunchScreen.storyboard */; };
		7F7B1C442995123800C5D4E0 /* AppUITests.swift in Sources */ = {isa = PBXBuildFile; fileRef = 7F7B1C432995123800C5D4E0 /* AppUITests.swift */; };
		7F7B1C462995123800C5D4E0 /* AppUITestsLaunchTests.swift in Sources */ = {isa = PBXBuildFile; fileRef = 7F7B1C452995123800C5D4E0 /* AppUITestsLaunchTests.swift */; };
		7F7B1C562995138F00C5D4E0 /* ListExchangesViewController.swift in Sources */ = {isa = PBXBuildFile; fileRef = 7F7B1C552995138F00C5D4E0 /* ListExchangesViewController.swift */; };
		7F7B1C582995189E00C5D4E0 /* ListExchangesViewModel.swift in Sources */ = {isa = PBXBuildFile; fileRef = 7F7B1C572995189E00C5D4E0 /* ListExchangesViewModel.swift */; };
		7F7B1C5A2995654A00C5D4E0 /* ExchangeModel.swift in Sources */ = {isa = PBXBuildFile; fileRef = 7F7B1C592995654A00C5D4E0 /* ExchangeModel.swift */; };
		7F7B1C5C299581F900C5D4E0 /* ListExchangeTableViewCell.swift in Sources */ = {isa = PBXBuildFile; fileRef = 7F7B1C5B299581F900C5D4E0 /* ListExchangeTableViewCell.swift */; };
		7F7B1C5F299656F600C5D4E0 /* ListExchnageService.swift in Sources */ = {isa = PBXBuildFile; fileRef = 7F7B1C5E299656F600C5D4E0 /* ListExchnageService.swift */; };
		7F7B1C62299659F100C5D4E0 /* Request.swift in Sources */ = {isa = PBXBuildFile; fileRef = 7F7B1C60299659F100C5D4E0 /* Request.swift */; };
		7F7B1C63299659F100C5D4E0 /* Service.swift in Sources */ = {isa = PBXBuildFile; fileRef = 7F7B1C61299659F100C5D4E0 /* Service.swift */; };
		7F7B1C65299679FF00C5D4E0 /* DetailExchangeViewController.swift in Sources */ = {isa = PBXBuildFile; fileRef = 7F7B1C64299679FF00C5D4E0 /* DetailExchangeViewController.swift */; };
		7F7B1C6729967A6B00C5D4E0 /* DetailExchangeViewModel.swift in Sources */ = {isa = PBXBuildFile; fileRef = 7F7B1C6629967A6B00C5D4E0 /* DetailExchangeViewModel.swift */; };
		7F7B1C6A299689E000C5D4E0 /* ListExchangeViewModelTests.swift in Sources */ = {isa = PBXBuildFile; fileRef = 7F7B1C69299689E000C5D4E0 /* ListExchangeViewModelTests.swift */; };
/* End PBXBuildFile section */

/* Begin PBXContainerItemProxy section */
		7F7B1C362995123800C5D4E0 /* PBXContainerItemProxy */ = {
			isa = PBXContainerItemProxy;
			containerPortal = 7F7B1C172995123700C5D4E0 /* Project object */;
			proxyType = 1;
			remoteGlobalIDString = 7F7B1C1E2995123700C5D4E0;
			remoteInfo = App;
		};
		7F7B1C402995123800C5D4E0 /* PBXContainerItemProxy */ = {
			isa = PBXContainerItemProxy;
			containerPortal = 7F7B1C172995123700C5D4E0 /* Project object */;
			proxyType = 1;
			remoteGlobalIDString = 7F7B1C1E2995123700C5D4E0;
			remoteInfo = App;
		};
/* End PBXContainerItemProxy section */

/* Begin PBXFileReference section */
		7F7B1C1F2995123700C5D4E0 /* App.app */ = {isa = PBXFileReference; explicitFileType = wrapper.application; includeInIndex = 0; path = App.app; sourceTree = BUILT_PRODUCTS_DIR; };
		7F7B1C222995123700C5D4E0 /* AppDelegate.swift */ = {isa = PBXFileReference; lastKnownFileType = sourcecode.swift; path = AppDelegate.swift; sourceTree = "<group>"; };
		7F7B1C242995123700C5D4E0 /* SceneDelegate.swift */ = {isa = PBXFileReference; lastKnownFileType = sourcecode.swift; path = SceneDelegate.swift; sourceTree = "<group>"; };
		7F7B1C2B2995123800C5D4E0 /* Assets.xcassets */ = {isa = PBXFileReference; lastKnownFileType = folder.assetcatalog; path = Assets.xcassets; sourceTree = "<group>"; };
		7F7B1C2E2995123800C5D4E0 /* Base */ = {isa = PBXFileReference; lastKnownFileType = file.storyboard; name = Base; path = Base.lproj/LaunchScreen.storyboard; sourceTree = "<group>"; };
		7F7B1C302995123800C5D4E0 /* Info.plist */ = {isa = PBXFileReference; lastKnownFileType = text.plist.xml; path = Info.plist; sourceTree = "<group>"; };
		7F7B1C352995123800C5D4E0 /* AppTests.xctest */ = {isa = PBXFileReference; explicitFileType = wrapper.cfbundle; includeInIndex = 0; path = AppTests.xctest; sourceTree = BUILT_PRODUCTS_DIR; };
		7F7B1C3F2995123800C5D4E0 /* AppUITests.xctest */ = {isa = PBXFileReference; explicitFileType = wrapper.cfbundle; includeInIndex = 0; path = AppUITests.xctest; sourceTree = BUILT_PRODUCTS_DIR; };
		7F7B1C432995123800C5D4E0 /* AppUITests.swift */ = {isa = PBXFileReference; lastKnownFileType = sourcecode.swift; path = AppUITests.swift; sourceTree = "<group>"; };
		7F7B1C452995123800C5D4E0 /* AppUITestsLaunchTests.swift */ = {isa = PBXFileReference; lastKnownFileType = sourcecode.swift; path = AppUITestsLaunchTests.swift; sourceTree = "<group>"; };
		7F7B1C552995138F00C5D4E0 /* ListExchangesViewController.swift */ = {isa = PBXFileReference; lastKnownFileType = sourcecode.swift; path = ListExchangesViewController.swift; sourceTree = "<group>"; };
		7F7B1C572995189E00C5D4E0 /* ListExchangesViewModel.swift */ = {isa = PBXFileReference; lastKnownFileType = sourcecode.swift; path = ListExchangesViewModel.swift; sourceTree = "<group>"; };
		7F7B1C592995654A00C5D4E0 /* ExchangeModel.swift */ = {isa = PBXFileReference; lastKnownFileType = sourcecode.swift; path = ExchangeModel.swift; sourceTree = "<group>"; };
		7F7B1C5B299581F900C5D4E0 /* ListExchangeTableViewCell.swift */ = {isa = PBXFileReference; lastKnownFileType = sourcecode.swift; path = ListExchangeTableViewCell.swift; sourceTree = "<group>"; };
		7F7B1C5E299656F600C5D4E0 /* ListExchnageService.swift */ = {isa = PBXFileReference; lastKnownFileType = sourcecode.swift; path = ListExchnageService.swift; sourceTree = "<group>"; };
		7F7B1C60299659F100C5D4E0 /* Request.swift */ = {isa = PBXFileReference; fileEncoding = 4; lastKnownFileType = sourcecode.swift; path = Request.swift; sourceTree = "<group>"; };
		7F7B1C61299659F100C5D4E0 /* Service.swift */ = {isa = PBXFileReference; fileEncoding = 4; lastKnownFileType = sourcecode.swift; path = Service.swift; sourceTree = "<group>"; };
		7F7B1C64299679FF00C5D4E0 /* DetailExchangeViewController.swift */ = {isa = PBXFileReference; lastKnownFileType = sourcecode.swift; path = DetailExchangeViewController.swift; sourceTree = "<group>"; };
		7F7B1C6629967A6B00C5D4E0 /* DetailExchangeViewModel.swift */ = {isa = PBXFileReference; lastKnownFileType = sourcecode.swift; path = DetailExchangeViewModel.swift; sourceTree = "<group>"; };
		7F7B1C69299689E000C5D4E0 /* ListExchangeViewModelTests.swift */ = {isa = PBXFileReference; lastKnownFileType = sourcecode.swift; path = ListExchangeViewModelTests.swift; sourceTree = "<group>"; };
/* End PBXFileReference section */

/* Begin PBXFrameworksBuildPhase section */
		7F7B1C1C2995123700C5D4E0 /* Frameworks */ = {
			isa = PBXFrameworksBuildPhase;
			buildActionMask = 2147483647;
			files = (
			);
			runOnlyForDeploymentPostprocessing = 0;
		};
		7F7B1C322995123800C5D4E0 /* Frameworks */ = {
			isa = PBXFrameworksBuildPhase;
			buildActionMask = 2147483647;
			files = (
			);
			runOnlyForDeploymentPostprocessing = 0;
		};
		7F7B1C3C2995123800C5D4E0 /* Frameworks */ = {
			isa = PBXFrameworksBuildPhase;
			buildActionMask = 2147483647;
			files = (
			);
			runOnlyForDeploymentPostprocessing = 0;
		};
/* End PBXFrameworksBuildPhase section */

/* Begin PBXGroup section */
		7F7B1C162995123700C5D4E0 = {
			isa = PBXGroup;
			children = (
				7F7B1C212995123700C5D4E0 /* App */,
				7F7B1C382995123800C5D4E0 /* AppTests */,
				7F7B1C422995123800C5D4E0 /* AppUITests */,
				7F7B1C202995123700C5D4E0 /* Products */,
			);
			sourceTree = "<group>";
		};
		7F7B1C202995123700C5D4E0 /* Products */ = {
			isa = PBXGroup;
			children = (
				7F7B1C1F2995123700C5D4E0 /* App.app */,
				7F7B1C352995123800C5D4E0 /* AppTests.xctest */,
				7F7B1C3F2995123800C5D4E0 /* AppUITests.xctest */,
			);
			name = Products;
			sourceTree = "<group>";
		};
		7F7B1C212995123700C5D4E0 /* App */ = {
			isa = PBXGroup;
			children = (
				7F7B1C222995123700C5D4E0 /* AppDelegate.swift */,
				7F7B1C242995123700C5D4E0 /* SceneDelegate.swift */,
				7F7B1C5D2995846900C5D4E0 /* Network */,
				7F7B1C522995132600C5D4E0 /* Scenes */,
				7F7B1C2B2995123800C5D4E0 /* Assets.xcassets */,
				7F7B1C2D2995123800C5D4E0 /* LaunchScreen.storyboard */,
				7F7B1C302995123800C5D4E0 /* Info.plist */,
			);
			path = App;
			sourceTree = "<group>";
		};
		7F7B1C382995123800C5D4E0 /* AppTests */ = {
			isa = PBXGroup;
			children = (
				7F7B1C68299689B500C5D4E0 /* ListExchangeTests */,
			);
			path = AppTests;
			sourceTree = "<group>";
		};
		7F7B1C422995123800C5D4E0 /* AppUITests */ = {
			isa = PBXGroup;
			children = (
				7F7B1C432995123800C5D4E0 /* AppUITests.swift */,
				7F7B1C452995123800C5D4E0 /* AppUITestsLaunchTests.swift */,
			);
			path = AppUITests;
			sourceTree = "<group>";
		};
		7F7B1C522995132600C5D4E0 /* Scenes */ = {
			isa = PBXGroup;
			children = (
				7F7B1C532995133E00C5D4E0 /* ListExchanges */,
				7F7B1C542995135000C5D4E0 /* DetailExchanges */,
			);
			path = Scenes;
			sourceTree = "<group>";
		};
		7F7B1C532995133E00C5D4E0 /* ListExchanges */ = {
			isa = PBXGroup;
			children = (
				7F7B1C552995138F00C5D4E0 /* ListExchangesViewController.swift */,
				7F7B1C5B299581F900C5D4E0 /* ListExchangeTableViewCell.swift */,
				7F7B1C572995189E00C5D4E0 /* ListExchangesViewModel.swift */,
				7F7B1C592995654A00C5D4E0 /* ExchangeModel.swift */,
				7F7B1C5E299656F600C5D4E0 /* ListExchnageService.swift */,
			);
			path = ListExchanges;
			sourceTree = "<group>";
		};
		7F7B1C542995135000C5D4E0 /* DetailExchanges */ = {
			isa = PBXGroup;
			children = (
				7F7B1C64299679FF00C5D4E0 /* DetailExchangeViewController.swift */,
				7F7B1C6629967A6B00C5D4E0 /* DetailExchangeViewModel.swift */,
			);
			path = DetailExchanges;
			sourceTree = "<group>";
		};
		7F7B1C5D2995846900C5D4E0 /* Network */ = {
			isa = PBXGroup;
			children = (
				7F7B1C60299659F100C5D4E0 /* Request.swift */,
				7F7B1C61299659F100C5D4E0 /* Service.swift */,
			);
			path = Network;
			sourceTree = "<group>";
		};
		7F7B1C68299689B500C5D4E0 /* ListExchangeTests */ = {
			isa = PBXGroup;
			children = (
				7F7B1C69299689E000C5D4E0 /* ListExchangeViewModelTests.swift */,
			);
			path = ListExchangeTests;
			sourceTree = "<group>";
		};
/* End PBXGroup section */

/* Begin PBXNativeTarget section */
		7F7B1C1E2995123700C5D4E0 /* App */ = {
			isa = PBXNativeTarget;
			buildConfigurationList = 7F7B1C492995123800C5D4E0 /* Build configuration list for PBXNativeTarget "App" */;
			buildPhases = (
				7F7B1C1B2995123700C5D4E0 /* Sources */,
				7F7B1C1C2995123700C5D4E0 /* Frameworks */,
				7F7B1C1D2995123700C5D4E0 /* Resources */,
			);
			buildRules = (
			);
			dependencies = (
			);
			name = App;
			productName = App;
			productReference = 7F7B1C1F2995123700C5D4E0 /* App.app */;
			productType = "com.apple.product-type.application";
		};
		7F7B1C342995123800C5D4E0 /* AppTests */ = {
			isa = PBXNativeTarget;
			buildConfigurationList = 7F7B1C4C2995123800C5D4E0 /* Build configuration list for PBXNativeTarget "AppTests" */;
			buildPhases = (
				7F7B1C312995123800C5D4E0 /* Sources */,
				7F7B1C322995123800C5D4E0 /* Frameworks */,
				7F7B1C332995123800C5D4E0 /* Resources */,
			);
			buildRules = (
			);
			dependencies = (
				7F7B1C372995123800C5D4E0 /* PBXTargetDependency */,
			);
			name = AppTests;
			productName = AppTests;
			productReference = 7F7B1C352995123800C5D4E0 /* AppTests.xctest */;
			productType = "com.apple.product-type.bundle.unit-test";
		};
		7F7B1C3E2995123800C5D4E0 /* AppUITests */ = {
			isa = PBXNativeTarget;
			buildConfigurationList = 7F7B1C4F2995123800C5D4E0 /* Build configuration list for PBXNativeTarget "AppUITests" */;
			buildPhases = (
				7F7B1C3B2995123800C5D4E0 /* Sources */,
				7F7B1C3C2995123800C5D4E0 /* Frameworks */,
				7F7B1C3D2995123800C5D4E0 /* Resources */,
			);
			buildRules = (
			);
			dependencies = (
				7F7B1C412995123800C5D4E0 /* PBXTargetDependency */,
			);
			name = AppUITests;
			productName = AppUITests;
			productReference = 7F7B1C3F2995123800C5D4E0 /* AppUITests.xctest */;
			productType = "com.apple.product-type.bundle.ui-testing";
		};
/* End PBXNativeTarget section */

/* Begin PBXProject section */
		7F7B1C172995123700C5D4E0 /* Project object */ = {
			isa = PBXProject;
			attributes = {
				BuildIndependentTargetsInParallel = 1;
				LastSwiftUpdateCheck = 1420;
				LastUpgradeCheck = 1420;
				TargetAttributes = {
					7F7B1C1E2995123700C5D4E0 = {
						CreatedOnToolsVersion = 14.2;
					};
					7F7B1C342995123800C5D4E0 = {
						CreatedOnToolsVersion = 14.2;
						TestTargetID = 7F7B1C1E2995123700C5D4E0;
					};
					7F7B1C3E2995123800C5D4E0 = {
						CreatedOnToolsVersion = 14.2;
						TestTargetID = 7F7B1C1E2995123700C5D4E0;
					};
				};
			};
			buildConfigurationList = 7F7B1C1A2995123700C5D4E0 /* Build configuration list for PBXProject "App" */;
			compatibilityVersion = "Xcode 14.0";
			developmentRegion = en;
			hasScannedForEncodings = 0;
			knownRegions = (
				en,
				Base,
			);
			mainGroup = 7F7B1C162995123700C5D4E0;
			productRefGroup = 7F7B1C202995123700C5D4E0 /* Products */;
			projectDirPath = "";
			projectRoot = "";
			targets = (
				7F7B1C1E2995123700C5D4E0 /* App */,
				7F7B1C342995123800C5D4E0 /* AppTests */,
				7F7B1C3E2995123800C5D4E0 /* AppUITests */,
			);
		};
/* End PBXProject section */

/* Begin PBXResourcesBuildPhase section */
		7F7B1C1D2995123700C5D4E0 /* Resources */ = {
			isa = PBXResourcesBuildPhase;
			buildActionMask = 2147483647;
			files = (
				7F7B1C2F2995123800C5D4E0 /* LaunchScreen.storyboard in Resources */,
				7F7B1C2C2995123800C5D4E0 /* Assets.xcassets in Resources */,
			);
			runOnlyForDeploymentPostprocessing = 0;
		};
		7F7B1C332995123800C5D4E0 /* Resources */ = {
			isa = PBXResourcesBuildPhase;
			buildActionMask = 2147483647;
			files = (
			);
			runOnlyForDeploymentPostprocessing = 0;
		};
		7F7B1C3D2995123800C5D4E0 /* Resources */ = {
			isa = PBXResourcesBuildPhase;
			buildActionMask = 2147483647;
			files = (
			);
			runOnlyForDeploymentPostprocessing = 0;
		};
/* End PBXResourcesBuildPhase section */

/* Begin PBXSourcesBuildPhase section */
		7F7B1C1B2995123700C5D4E0 /* Sources */ = {
			isa = PBXSourcesBuildPhase;
			buildActionMask = 2147483647;
			files = (
				7F7B1C5C299581F900C5D4E0 /* ListExchangeTableViewCell.swift in Sources */,
				7F7B1C62299659F100C5D4E0 /* Request.swift in Sources */,
				7F7B1C6729967A6B00C5D4E0 /* DetailExchangeViewModel.swift in Sources */,
				7F7B1C5A2995654A00C5D4E0 /* ExchangeModel.swift in Sources */,
				7F7B1C562995138F00C5D4E0 /* ListExchangesViewController.swift in Sources */,
				7F7B1C582995189E00C5D4E0 /* ListExchangesViewModel.swift in Sources */,
				7F7B1C63299659F100C5D4E0 /* Service.swift in Sources */,
				7F7B1C5F299656F600C5D4E0 /* ListExchnageService.swift in Sources */,
				7F7B1C232995123700C5D4E0 /* AppDelegate.swift in Sources */,
				7F7B1C65299679FF00C5D4E0 /* DetailExchangeViewController.swift in Sources */,
				7F7B1C252995123700C5D4E0 /* SceneDelegate.swift in Sources */,
			);
			runOnlyForDeploymentPostprocessing = 0;
		};
		7F7B1C312995123800C5D4E0 /* Sources */ = {
			isa = PBXSourcesBuildPhase;
			buildActionMask = 2147483647;
			files = (
				7F7B1C6A299689E000C5D4E0 /* ListExchangeViewModelTests.swift in Sources */,
			);
			runOnlyForDeploymentPostprocessing = 0;
		};
		7F7B1C3B2995123800C5D4E0 /* Sources */ = {
			isa = PBXSourcesBuildPhase;
			buildActionMask = 2147483647;
			files = (
				7F7B1C462995123800C5D4E0 /* AppUITestsLaunchTests.swift in Sources */,
				7F7B1C442995123800C5D4E0 /* AppUITests.swift in Sources */,
			);
			runOnlyForDeploymentPostprocessing = 0;
		};
/* End PBXSourcesBuildPhase section */

/* Begin PBXTargetDependency section */
		7F7B1C372995123800C5D4E0 /* PBXTargetDependency */ = {
			isa = PBXTargetDependency;
			target = 7F7B1C1E2995123700C5D4E0 /* App */;
			targetProxy = 7F7B1C362995123800C5D4E0 /* PBXContainerItemProxy */;
		};
		7F7B1C412995123800C5D4E0 /* PBXTargetDependency */ = {
			isa = PBXTargetDependency;
			target = 7F7B1C1E2995123700C5D4E0 /* App */;
			targetProxy = 7F7B1C402995123800C5D4E0 /* PBXContainerItemProxy */;
		};
/* End PBXTargetDependency section */

/* Begin PBXVariantGroup section */
		7F7B1C2D2995123800C5D4E0 /* LaunchScreen.storyboard */ = {
			isa = PBXVariantGroup;
			children = (
				7F7B1C2E2995123800C5D4E0 /* Base */,
			);
			name = LaunchScreen.storyboard;
			sourceTree = "<group>";
		};
/* End PBXVariantGroup section */

/* Begin XCBuildConfiguration section */
		7F7B1C472995123800C5D4E0 /* Debug */ = {
			isa = XCBuildConfiguration;
			buildSettings = {
				ALWAYS_SEARCH_USER_PATHS = NO;
				CLANG_ANALYZER_NONNULL = YES;
				CLANG_ANALYZER_NUMBER_OBJECT_CONVERSION = YES_AGGRESSIVE;
				CLANG_CXX_LANGUAGE_STANDARD = "gnu++20";
				CLANG_ENABLE_MODULES = YES;
				CLANG_ENABLE_OBJC_ARC = YES;
				CLANG_ENABLE_OBJC_WEAK = YES;
				CLANG_WARN_BLOCK_CAPTURE_AUTORELEASING = YES;
				CLANG_WARN_BOOL_CONVERSION = YES;
				CLANG_WARN_COMMA = YES;
				CLANG_WARN_CONSTANT_CONVERSION = YES;
				CLANG_WARN_DEPRECATED_OBJC_IMPLEMENTATIONS = YES;
				CLANG_WARN_DIRECT_OBJC_ISA_USAGE = YES_ERROR;
				CLANG_WARN_DOCUMENTATION_COMMENTS = YES;
				CLANG_WARN_EMPTY_BODY = YES;
				CLANG_WARN_ENUM_CONVERSION = YES;
				CLANG_WARN_INFINITE_RECURSION = YES;
				CLANG_WARN_INT_CONVERSION = YES;
				CLANG_WARN_NON_LITERAL_NULL_CONVERSION = YES;
				CLANG_WARN_OBJC_IMPLICIT_RETAIN_SELF = YES;
				CLANG_WARN_OBJC_LITERAL_CONVERSION = YES;
				CLANG_WARN_OBJC_ROOT_CLASS = YES_ERROR;
				CLANG_WARN_QUOTED_INCLUDE_IN_FRAMEWORK_HEADER = YES;
				CLANG_WARN_RANGE_LOOP_ANALYSIS = YES;
				CLANG_WARN_STRICT_PROTOTYPES = YES;
				CLANG_WARN_SUSPICIOUS_MOVE = YES;
				CLANG_WARN_UNGUARDED_AVAILABILITY = YES_AGGRESSIVE;
				CLANG_WARN_UNREACHABLE_CODE = YES;
				CLANG_WARN__DUPLICATE_METHOD_MATCH = YES;
				COPY_PHASE_STRIP = NO;
				DEBUG_INFORMATION_FORMAT = dwarf;
				ENABLE_STRICT_OBJC_MSGSEND = YES;
				ENABLE_TESTABILITY = YES;
				GCC_C_LANGUAGE_STANDARD = gnu11;
				GCC_DYNAMIC_NO_PIC = NO;
				GCC_NO_COMMON_BLOCKS = YES;
				GCC_OPTIMIZATION_LEVEL = 0;
				GCC_PREPROCESSOR_DEFINITIONS = (
					"DEBUG=1",
					"$(inherited)",
				);
				GCC_WARN_64_TO_32_BIT_CONVERSION = YES;
				GCC_WARN_ABOUT_RETURN_TYPE = YES_ERROR;
				GCC_WARN_UNDECLARED_SELECTOR = YES;
				GCC_WARN_UNINITIALIZED_AUTOS = YES_AGGRESSIVE;
				GCC_WARN_UNUSED_FUNCTION = YES;
				GCC_WARN_UNUSED_VARIABLE = YES;
				IPHONEOS_DEPLOYMENT_TARGET = 16.2;
				MTL_ENABLE_DEBUG_INFO = INCLUDE_SOURCE;
				MTL_FAST_MATH = YES;
				ONLY_ACTIVE_ARCH = YES;
				SDKROOT = iphoneos;
				SWIFT_ACTIVE_COMPILATION_CONDITIONS = DEBUG;
				SWIFT_OPTIMIZATION_LEVEL = "-Onone";
			};
			name = Debug;
		};
		7F7B1C482995123800C5D4E0 /* Release */ = {
			isa = XCBuildConfiguration;
			buildSettings = {
				ALWAYS_SEARCH_USER_PATHS = NO;
				CLANG_ANALYZER_NONNULL = YES;
				CLANG_ANALYZER_NUMBER_OBJECT_CONVERSION = YES_AGGRESSIVE;
				CLANG_CXX_LANGUAGE_STANDARD = "gnu++20";
				CLANG_ENABLE_MODULES = YES;
				CLANG_ENABLE_OBJC_ARC = YES;
				CLANG_ENABLE_OBJC_WEAK = YES;
				CLANG_WARN_BLOCK_CAPTURE_AUTORELEASING = YES;
				CLANG_WARN_BOOL_CONVERSION = YES;
				CLANG_WARN_COMMA = YES;
				CLANG_WARN_CONSTANT_CONVERSION = YES;
				CLANG_WARN_DEPRECATED_OBJC_IMPLEMENTATIONS = YES;
				CLANG_WARN_DIRECT_OBJC_ISA_USAGE = YES_ERROR;
				CLANG_WARN_DOCUMENTATION_COMMENTS = YES;
				CLANG_WARN_EMPTY_BODY = YES;
				CLANG_WARN_ENUM_CONVERSION = YES;
				CLANG_WARN_INFINITE_RECURSION = YES;
				CLANG_WARN_INT_CONVERSION = YES;
				CLANG_WARN_NON_LITERAL_NULL_CONVERSION = YES;
				CLANG_WARN_OBJC_IMPLICIT_RETAIN_SELF = YES;
				CLANG_WARN_OBJC_LITERAL_CONVERSION = YES;
				CLANG_WARN_OBJC_ROOT_CLASS = YES_ERROR;
				CLANG_WARN_QUOTED_INCLUDE_IN_FRAMEWORK_HEADER = YES;
				CLANG_WARN_RANGE_LOOP_ANALYSIS = YES;
				CLANG_WARN_STRICT_PROTOTYPES = YES;
				CLANG_WARN_SUSPICIOUS_MOVE = YES;
				CLANG_WARN_UNGUARDED_AVAILABILITY = YES_AGGRESSIVE;
				CLANG_WARN_UNREACHABLE_CODE = YES;
				CLANG_WARN__DUPLICATE_METHOD_MATCH = YES;
				COPY_PHASE_STRIP = NO;
				DEBUG_INFORMATION_FORMAT = "dwarf-with-dsym";
				ENABLE_NS_ASSERTIONS = NO;
				ENABLE_STRICT_OBJC_MSGSEND = YES;
				GCC_C_LANGUAGE_STANDARD = gnu11;
				GCC_NO_COMMON_BLOCKS = YES;
				GCC_WARN_64_TO_32_BIT_CONVERSION = YES;
				GCC_WARN_ABOUT_RETURN_TYPE = YES_ERROR;
				GCC_WARN_UNDECLARED_SELECTOR = YES;
				GCC_WARN_UNINITIALIZED_AUTOS = YES_AGGRESSIVE;
				GCC_WARN_UNUSED_FUNCTION = YES;
				GCC_WARN_UNUSED_VARIABLE = YES;
				IPHONEOS_DEPLOYMENT_TARGET = 16.2;
				MTL_ENABLE_DEBUG_INFO = NO;
				MTL_FAST_MATH = YES;
				SDKROOT = iphoneos;
				SWIFT_COMPILATION_MODE = wholemodule;
				SWIFT_OPTIMIZATION_LEVEL = "-O";
				VALIDATE_PRODUCT = YES;
			};
			name = Release;
		};
		7F7B1C4A2995123800C5D4E0 /* Debug */ = {
			isa = XCBuildConfiguration;
			buildSettings = {
				ASSETCATALOG_COMPILER_APPICON_NAME = AppIcon;
				ASSETCATALOG_COMPILER_GLOBAL_ACCENT_COLOR_NAME = AccentColor;
				CODE_SIGN_STYLE = Automatic;
				CURRENT_PROJECT_VERSION = 1;
				GENERATE_INFOPLIST_FILE = YES;
				INFOPLIST_FILE = App/Info.plist;
				INFOPLIST_KEY_NSMainNibFile = "";
				INFOPLIST_KEY_UIApplicationSupportsIndirectInputEvents = YES;
				INFOPLIST_KEY_UILaunchStoryboardName = LaunchScreen;
				INFOPLIST_KEY_UISupportedInterfaceOrientations = UIInterfaceOrientationPortrait;
				INFOPLIST_KEY_UISupportedInterfaceOrientations_iPad = "UIInterfaceOrientationLandscapeLeft UIInterfaceOrientationLandscapeRight UIInterfaceOrientationPortrait UIInterfaceOrientationPortraitUpsideDown";
				IPHONEOS_DEPLOYMENT_TARGET = 13.0;
				LD_RUNPATH_SEARCH_PATHS = (
					"$(inherited)",
					"@executable_path/Frameworks",
				);
				MARKETING_VERSION = 1.0;
				PRODUCT_BUNDLE_IDENTIFIER = com.rafaelmenezes.App;
				PRODUCT_NAME = "$(TARGET_NAME)";
				SUPPORTED_PLATFORMS = "iphoneos iphonesimulator";
				SUPPORTS_MACCATALYST = NO;
				SUPPORTS_MAC_DESIGNED_FOR_IPHONE_IPAD = NO;
				SWIFT_EMIT_LOC_STRINGS = YES;
				SWIFT_VERSION = 5.0;
				TARGETED_DEVICE_FAMILY = 1;
			};
			name = Debug;
		};
		7F7B1C4B2995123800C5D4E0 /* Release */ = {
			isa = XCBuildConfiguration;
			buildSettings = {
				ASSETCATALOG_COMPILER_APPICON_NAME = AppIcon;
				ASSETCATALOG_COMPILER_GLOBAL_ACCENT_COLOR_NAME = AccentColor;
				CODE_SIGN_STYLE = Automatic;
				CURRENT_PROJECT_VERSION = 1;
				GENERATE_INFOPLIST_FILE = YES;
				INFOPLIST_FILE = App/Info.plist;
				INFOPLIST_KEY_NSMainNibFile = "";
				INFOPLIST_KEY_UIApplicationSupportsIndirectInputEvents = YES;
				INFOPLIST_KEY_UILaunchStoryboardName = LaunchScreen;
				INFOPLIST_KEY_UISupportedInterfaceOrientations = UIInterfaceOrientationPortrait;
				INFOPLIST_KEY_UISupportedInterfaceOrientations_iPad = "UIInterfaceOrientationLandscapeLeft UIInterfaceOrientationLandscapeRight UIInterfaceOrientationPortrait UIInterfaceOrientationPortraitUpsideDown";
				IPHONEOS_DEPLOYMENT_TARGET = 13.0;
				LD_RUNPATH_SEARCH_PATHS = (
					"$(inherited)",
					"@executable_path/Frameworks",
				);
				MARKETING_VERSION = 1.0;
				PRODUCT_BUNDLE_IDENTIFIER = com.rafaelmenezes.App;
				PRODUCT_NAME = "$(TARGET_NAME)";
				SUPPORTED_PLATFORMS = "iphoneos iphonesimulator";
				SUPPORTS_MACCATALYST = NO;
				SUPPORTS_MAC_DESIGNED_FOR_IPHONE_IPAD = NO;
				SWIFT_EMIT_LOC_STRINGS = YES;
				SWIFT_VERSION = 5.0;
				TARGETED_DEVICE_FAMILY = 1;
			};
			name = Release;
		};
		7F7B1C4D2995123800C5D4E0 /* Debug */ = {
			isa = XCBuildConfiguration;
			buildSettings = {
				ALWAYS_EMBED_SWIFT_STANDARD_LIBRARIES = YES;
				BUNDLE_LOADER = "$(TEST_HOST)";
				CODE_SIGN_STYLE = Automatic;
				CURRENT_PROJECT_VERSION = 1;
				GENERATE_INFOPLIST_FILE = YES;
				IPHONEOS_DEPLOYMENT_TARGET = 16.2;
				MARKETING_VERSION = 1.0;
				PRODUCT_BUNDLE_IDENTIFIER = com.rafaelmenezes.AppTests;
				PRODUCT_NAME = "$(TARGET_NAME)";
				SWIFT_EMIT_LOC_STRINGS = NO;
				SWIFT_VERSION = 5.0;
				TARGETED_DEVICE_FAMILY = "1,2";
				TEST_HOST = "$(BUILT_PRODUCTS_DIR)/App.app/$(BUNDLE_EXECUTABLE_FOLDER_PATH)/App";
			};
			name = Debug;
		};
		7F7B1C4E2995123800C5D4E0 /* Release */ = {
			isa = XCBuildConfiguration;
			buildSettings = {
				ALWAYS_EMBED_SWIFT_STANDARD_LIBRARIES = YES;
				BUNDLE_LOADER = "$(TEST_HOST)";
				CODE_SIGN_STYLE = Automatic;
				CURRENT_PROJECT_VERSION = 1;
				GENERATE_INFOPLIST_FILE = YES;
				IPHONEOS_DEPLOYMENT_TARGET = 16.2;
				MARKETING_VERSION = 1.0;
				PRODUCT_BUNDLE_IDENTIFIER = com.rafaelmenezes.AppTests;
				PRODUCT_NAME = "$(TARGET_NAME)";
				SWIFT_EMIT_LOC_STRINGS = NO;
				SWIFT_VERSION = 5.0;
				TARGETED_DEVICE_FAMILY = "1,2";
				TEST_HOST = "$(BUILT_PRODUCTS_DIR)/App.app/$(BUNDLE_EXECUTABLE_FOLDER_PATH)/App";
			};
			name = Release;
		};
		7F7B1C502995123800C5D4E0 /* Debug */ = {
			isa = XCBuildConfiguration;
			buildSettings = {
				ALWAYS_EMBED_SWIFT_STANDARD_LIBRARIES = YES;
				CODE_SIGN_STYLE = Automatic;
				CURRENT_PROJECT_VERSION = 1;
				GENERATE_INFOPLIST_FILE = YES;
				MARKETING_VERSION = 1.0;
				PRODUCT_BUNDLE_IDENTIFIER = com.rafaelmenezes.AppUITests;
				PRODUCT_NAME = "$(TARGET_NAME)";
				SWIFT_EMIT_LOC_STRINGS = NO;
				SWIFT_VERSION = 5.0;
				TARGETED_DEVICE_FAMILY = "1,2";
				TEST_TARGET_NAME = App;
			};
			name = Debug;
		};
		7F7B1C512995123800C5D4E0 /* Release */ = {
			isa = XCBuildConfiguration;
			buildSettings = {
				ALWAYS_EMBED_SWIFT_STANDARD_LIBRARIES = YES;
				CODE_SIGN_STYLE = Automatic;
				CURRENT_PROJECT_VERSION = 1;
				GENERATE_INFOPLIST_FILE = YES;
				MARKETING_VERSION = 1.0;
				PRODUCT_BUNDLE_IDENTIFIER = com.rafaelmenezes.AppUITests;
				PRODUCT_NAME = "$(TARGET_NAME)";
				SWIFT_EMIT_LOC_STRINGS = NO;
				SWIFT_VERSION = 5.0;
				TARGETED_DEVICE_FAMILY = "1,2";
				TEST_TARGET_NAME = App;
			};
			name = Release;
		};
/* End XCBuildConfiguration section */

/* Begin XCConfigurationList section */
		7F7B1C1A2995123700C5D4E0 /* Build configuration list for PBXProject "App" */ = {
			isa = XCConfigurationList;
			buildConfigurations = (
				7F7B1C472995123800C5D4E0 /* Debug */,
				7F7B1C482995123800C5D4E0 /* Release */,
			);
			defaultConfigurationIsVisible = 0;
			defaultConfigurationName = Release;
		};
		7F7B1C492995123800C5D4E0 /* Build configuration list for PBXNativeTarget "App" */ = {
			isa = XCConfigurationList;
			buildConfigurations = (
				7F7B1C4A2995123800C5D4E0 /* Debug */,
				7F7B1C4B2995123800C5D4E0 /* Release */,
			);
			defaultConfigurationIsVisible = 0;
			defaultConfigurationName = Release;
		};
		7F7B1C4C2995123800C5D4E0 /* Build configuration list for PBXNativeTarget "AppTests" */ = {
			isa = XCConfigurationList;
			buildConfigurations = (
				7F7B1C4D2995123800C5D4E0 /* Debug */,
				7F7B1C4E2995123800C5D4E0 /* Release */,
			);
			defaultConfigurationIsVisible = 0;
			defaultConfigurationName = Release;
		};
		7F7B1C4F2995123800C5D4E0 /* Build configuration list for PBXNativeTarget "AppUITests" */ = {
			isa = XCConfigurationList;
			buildConfigurations = (
				7F7B1C502995123800C5D4E0 /* Debug */,
				7F7B1C512995123800C5D4E0 /* Release */,
			);
			defaultConfigurationIsVisible = 0;
			defaultConfigurationName = Release;
		};
/* End XCConfigurationList section */
	};
	rootObject = 7F7B1C172995123700C5D4E0 /* Project object */;
}
